{
  "name": "discord-modmail-bot",
  "version": "0.0.1-dev",
  "lockfileVersion": 1,
  "requires": true,
  "dependencies": {
    "async-limiter": {
      "version": "1.0.1",
      "resolved": "https://registry.npmjs.org/async-limiter/-/async-limiter-1.0.1.tgz",
      "integrity": "sha512-csOlWGAcRFJaI6m+F2WKdnMKr4HhdhFVBk0H/QbJFMCr+uO2kwohwXQPxw/9OCxp05r5ghVBFSyioixx3gfkNQ=="
    },
    "bluebird": {
      "version": "3.7.2",
      "resolved": "https://registry.npmjs.org/bluebird/-/bluebird-3.7.2.tgz",
      "integrity": "sha512-XpNj6GDQzdfW+r2Wnn7xiSAd7TM3jzkxGXBGTtWKuSXv1xUV+azxAm8jdWZN06QTQk+2N2XB9jRDkvbmQmcRtg=="
    },
    "discord.js": {
      "version": "github:hydrabolt/discord.js#faf27fabc055cb3850e823cf36c0af21c0139c35",
      "from": "github:hydrabolt/discord.js#faf27fabc055cb3850e823cf36c0af21c0139c35",
      "requires": {
        "pako": "^1.0.0",
        "prism-media": "^0.2.0",
        "snekfetch": "^3.6.0",
        "tweetnacl": "^1.0.0",
        "ws": "^4.0.0"
      },
      "dependencies": {
        "snekfetch": {
          "version": "3.6.4",
          "resolved": "https://registry.npmjs.org/snekfetch/-/snekfetch-3.6.4.tgz",
          "integrity": "sha512-NjxjITIj04Ffqid5lqr7XdgwM7X61c/Dns073Ly170bPQHLm6jkmelye/eglS++1nfTWktpP6Y2bFXjdPlQqdw=="
        }
      }
    },
    "graceful-fs": {
      "version": "4.2.3",
      "resolved": "https://registry.npmjs.org/graceful-fs/-/graceful-fs-4.2.3.tgz",
      "integrity": "sha512-a30VEBm4PEdx1dRB7MFK7BejejvCvBronbLjht+sHuGYj8PHs7M/5Z+rt5lw551vZ7yfTCj4Vuyy3mSJytDWRQ=="
    },
    "klaw": {
      "version": "2.1.1",
      "resolved": "https://registry.npmjs.org/klaw/-/klaw-2.1.1.tgz",
      "integrity": "sha1-QrdolHARacyRD9DRnOZ3tfs3ivE=",
      "requires": {
        "graceful-fs": "^4.1.9"
      }
    },
    "moment": {
      "version": "2.24.0",
      "resolved": "https://registry.npmjs.org/moment/-/moment-2.24.0.tgz",
      "integrity": "sha512-bV7f+6l2QigeBBZSM/6yTNq4P2fNpSWj/0e7jQcy87A8e7o2nAfP/34/2ky5Vw4B9S446EtIhodAzkFCcR4dQg=="
    },
    "pako": {
      "version": "1.0.11",
      "resolved": "https://registry.npmjs.org/pako/-/pako-1.0.11.tgz",
      "integrity": "sha512-4hLB8Py4zZce5s4yd9XzopqwVv/yGNhV1Bl8NTmCq1763HeK2+EwVTv+leGeL13Dnh2wfbqowVPXCIO0z4taYw=="
    },
    "prism-media": {
      "version": "0.2.1",
      "resolved": "https://registry.npmjs.org/prism-media/-/prism-media-0.2.1.tgz",
      "integrity": "sha512-Kfp1+6gzjY6X8mqKHa6D3brX+BtMUPFwzAkz4zgtVPgbkA2XxhITROdfQXVurU4fuJsylFRwqo7ciQlQCm9hAw=="
    },
    "rethinkdbdash": {
      "version": "2.3.31",
      "resolved": "https://registry.npmjs.org/rethinkdbdash/-/rethinkdbdash-2.3.31.tgz",
      "integrity": "sha512-6nXrKFjdg2Ug0YpdmPWSvyD/2EisHnFNt4FWZ74dcXGK48ievSv+cNFTmVv+KjLi6I9CCf6w4CKZ6yCYTfMfdQ==",
      "requires": {
        "bluebird": ">= 3.0.1"
      }
    },
    "safe-buffer": {
      "version": "5.1.2",
      "resolved": "https://registry.npmjs.org/safe-buffer/-/safe-buffer-5.1.2.tgz",
      "integrity": "sha512-Gd2UZBJDkXlY7GbJxfsE8/nvKkUEU1G38c1siN6QP6a9PT9MmHB8GnpscSmMJSoF8LOIrt8ud/wPtojys4G6+g=="
    },
    "snekfetch": {
      "version": "4.0.4",
      "resolved": "https://registry.npmjs.org/snekfetch/-/snekfetch-4.0.4.tgz",
      "integrity": "sha512-dyycG9fvwtSJqKPfMVOpXt+60qvMGe7vWLwOJDiSJaiAx+hs2EnFChG2bXCWn7ulz+zGzrHdN9/yeEb0YqEPww=="
    },
    "tweetnacl": {
      "version": "1.0.3",
      "resolved": "https://registry.npmjs.org/tweetnacl/-/tweetnacl-1.0.3.tgz",
      "integrity": "sha512-6rt+RN7aOi1nGMyC4Xa5DdYiukl2UWCbcJft7YhxReBGQD7OAM8Pbxw6YMo4r2diNEA8FEmu32YOn9rhaiE5yw=="
    },
    "uws": {
      "version": "9.148.0",
      "resolved": "https://registry.npmjs.org/uws/-/uws-9.148.0.tgz",
      "integrity": "sha512-vWt+e8dOdwLM4neb1xIeZuQ7ZUN3l7n0qTKrOUtU1EZrV4BpmrSnsEL30d062/ocqRMGtLpwzVFsLKFgXomA9g=="
    },
    "ws": {
      "version": "4.1.0",
      "resolved": "https://registry.npmjs.org/ws/-/ws-4.1.0.tgz",
      "integrity": "sha512-ZGh/8kF9rrRNffkLFV4AzhvooEclrOH0xaugmqGsIfFgOE/pIz4fMc4Ef+5HSQqTEug2S9JZIWDR47duDSLfaA==",
      "requires": {
        "async-limiter": "~1.0.0",
        "safe-buffer": "~5.1.0"
      }
    }
  }
}
